
Microsoft Visual Studio Solution File, Format Version 12.00
# Visual Studio Version 17
VisualStudioVersion = 17.14.36221.1 d17.14
MinimumVisualStudioVersion = 10.0.40219.1
Project("{FAE04EC0-301F-11D3-BF4B-00C04F79EFBC}") = "LiteAppSolution", "LiteAppSolution\LiteAppSolution.csproj", "{55B494A8-367C-443D-97CA-DB1EEF011255}"
EndProject
Project("{FAE04EC0-301F-11D3-BF4B-00C04F79EFBC}") = "LiteApp.Domain", "LiteApp.Domain\LiteApp.Domain.csproj", "{47CD9C64-85E2-46BC-8DF1-A531ED7D997B}"
EndProject
Project("{FAE04EC0-301F-11D3-BF4B-00C04F79EFBC}") = "LiteApp.Data", "LiteApp.Data\LiteApp.Data.csproj", "{6CE868BD-9AB3-4E96-B6BF-CCEF38B2D914}"
EndProject
Global
	GlobalSection(SolutionConfigurationPlatforms) = preSolution
		Debug|Any CPU = Debug|Any CPU
		Release|Any CPU = Release|Any CPU
	EndGlobalSection
	GlobalSection(ProjectConfigurationPlatforms) = postSolution
		{55B494A8-367C-443D-97CA-DB1EEF011255}.Debug|Any CPU.ActiveCfg = Debug|Any CPU
		{55B494A8-367C-443D-97CA-DB1EEF011255}.Debug|Any CPU.Build.0 = Debug|Any CPU
		{55B494A8-367C-443D-97CA-DB1EEF011255}.Release|Any CPU.ActiveCfg = Release|Any CPU
		{55B494A8-367C-443D-97CA-DB1EEF011255}.Release|Any CPU.Build.0 = Release|Any CPU
		{47CD9C64-85E2-46BC-8DF1-A531ED7D997B}.Debug|Any CPU.ActiveCfg = Debug|Any CPU
		{47CD9C64-85E2-46BC-8DF1-A531ED7D997B}.Debug|Any CPU.Build.0 = Debug|Any CPU
		{47CD9C64-85E2-46BC-8DF1-A531ED7D997B}.Release|Any CPU.ActiveCfg = Release|Any CPU
		{47CD9C64-85E2-46BC-8DF1-A531ED7D997B}.Release|Any CPU.Build.0 = Release|Any CPU
		{6CE868BD-9AB3-4E96-B6BF-CCEF38B2D914}.Debug|Any CPU.ActiveCfg = Debug|Any CPU
		{6CE868BD-9AB3-4E96-B6BF-CCEF38B2D914}.Debug|Any CPU.Build.0 = Debug|Any CPU
		{6CE868BD-9AB3-4E96-B6BF-CCEF38B2D914}.Release|Any CPU.ActiveCfg = Release|Any CPU
		{6CE868BD-9AB3-4E96-B6BF-CCEF38B2D914}.Release|Any CPU.Build.0 = Release|Any CPU
	EndGlobalSection
	GlobalSection(SolutionProperties) = preSolution
		HideSolutionNode = FALSE
	EndGlobalSection
	GlobalSection(ExtensibilityGlobals) = postSolution
		SolutionGuid = {AEDF390D-CC37-41E5-A8BF-49BB6BAB4302}
	EndGlobalSection
EndGlobal
